// !$*UTF8*$!
{
	archiveVersion = 1;
	classes = {
	};
	objectVersion = 50;
	objects = {

/* Begin PBXBuildFile section */
		B1461289258A87C80030859B /* DetailVC.swift in Sources */ = {isa = PBXBuildFile; fileRef = B1461288258A87C80030859B /* DetailVC.swift */; };
		B146128E258A8F960030859B /* MovieIDAPI.swift in Sources */ = {isa = PBXBuildFile; fileRef = B146128D258A8F960030859B /* MovieIDAPI.swift */; };
		B1461293258A931B0030859B /* MovieDetailModel.swift in Sources */ = {isa = PBXBuildFile; fileRef = B1461292258A931B0030859B /* MovieDetailModel.swift */; };
		B14DF28C2589536000FF8819 /* AppDelegate.swift in Sources */ = {isa = PBXBuildFile; fileRef = B14DF28B2589536000FF8819 /* AppDelegate.swift */; };
		B14DF28E2589536000FF8819 /* SceneDelegate.swift in Sources */ = {isa = PBXBuildFile; fileRef = B14DF28D2589536000FF8819 /* SceneDelegate.swift */; };
		B14DF2902589536000FF8819 /* LandingVC.swift in Sources */ = {isa = PBXBuildFile; fileRef = B14DF28F2589536000FF8819 /* LandingVC.swift */; };
		B14DF2932589536000FF8819 /* Main.storyboard in Resources */ = {isa = PBXBuildFile; fileRef = B14DF2912589536000FF8819 /* Main.storyboard */; };
		B14DF2952589536200FF8819 /* Assets.xcassets in Resources */ = {isa = PBXBuildFile; fileRef = B14DF2942589536200FF8819 /* Assets.xcassets */; };
		B14DF2982589536200FF8819 /* LaunchScreen.storyboard in Resources */ = {isa = PBXBuildFile; fileRef = B14DF2962589536200FF8819 /* LaunchScreen.storyboard */; };
		B14DF2A32589536300FF8819 /* MyMovieListTests.swift in Sources */ = {isa = PBXBuildFile; fileRef = B14DF2A22589536300FF8819 /* MyMovieListTests.swift */; };
		B14DF2AE2589536300FF8819 /* MyMovieListUITests.swift in Sources */ = {isa = PBXBuildFile; fileRef = B14DF2AD2589536300FF8819 /* MyMovieListUITests.swift */; };
		B14DF2CE25895F6500FF8819 /* SearchResultsVC.swift in Sources */ = {isa = PBXBuildFile; fileRef = B14DF2CD25895F6500FF8819 /* SearchResultsVC.swift */; };
		B14DF2DA25896AA400FF8819 /* MovieSearchResult.swift in Sources */ = {isa = PBXBuildFile; fileRef = B14DF2D925896AA400FF8819 /* MovieSearchResult.swift */; };
		B14DF2E72589712100FF8819 /* MovieDataAPI.swift in Sources */ = {isa = PBXBuildFile; fileRef = B14DF2E62589712100FF8819 /* MovieDataAPI.swift */; };
		B14DF2EF258982D100FF8819 /* SearchResultCell.swift in Sources */ = {isa = PBXBuildFile; fileRef = B14DF2EE258982D100FF8819 /* SearchResultCell.swift */; };
		B1749775258D258B00B428F3 /* landingHeaderView.swift in Sources */ = {isa = PBXBuildFile; fileRef = B1749774258D258B00B428F3 /* landingHeaderView.swift */; };
		B174977A258D5A1D00B428F3 /* SpecialListVC.swift in Sources */ = {isa = PBXBuildFile; fileRef = B1749779258D5A1D00B428F3 /* SpecialListVC.swift */; };
		B189BE8E258BE30500422624 /* CustomKeywordButton.swift in Sources */ = {isa = PBXBuildFile; fileRef = B189BE8D258BE30500422624 /* CustomKeywordButton.swift */; };
		B189BE96258BF8EC00422624 /* FeaturedCell.swift in Sources */ = {isa = PBXBuildFile; fileRef = B189BE95258BF8EC00422624 /* FeaturedCell.swift */; };
		B189BE9B258BFAD400422624 /* TrendingVC.swift in Sources */ = {isa = PBXBuildFile; fileRef = B189BE9A258BFAD400422624 /* TrendingVC.swift */; };
		B1E8BCBE258FDA38009F8FB2 /* WatchProviderAPI.swift in Sources */ = {isa = PBXBuildFile; fileRef = B1E8BCBD258FDA38009F8FB2 /* WatchProviderAPI.swift */; };
/* End PBXBuildFile section */

/* Begin PBXContainerItemProxy section */
		B14DF29F2589536300FF8819 /* PBXContainerItemProxy */ = {
			isa = PBXContainerItemProxy;
			containerPortal = B14DF2802589536000FF8819 /* Project object */;
			proxyType = 1;
			remoteGlobalIDString = B14DF2872589536000FF8819;
			remoteInfo = MyMovieList;
		};
		B14DF2AA2589536300FF8819 /* PBXContainerItemProxy */ = {
			isa = PBXContainerItemProxy;
			containerPortal = B14DF2802589536000FF8819 /* Project object */;
			proxyType = 1;
			remoteGlobalIDString = B14DF2872589536000FF8819;
			remoteInfo = MyMovieList;
		};
/* End PBXContainerItemProxy section */

/* Begin PBXFileReference section */
		B1461288258A87C80030859B /* DetailVC.swift */ = {isa = PBXFileReference; lastKnownFileType = sourcecode.swift; path = DetailVC.swift; sourceTree = "<group>"; };
		B146128D258A8F960030859B /* MovieIDAPI.swift */ = {isa = PBXFileReference; lastKnownFileType = sourcecode.swift; path = MovieIDAPI.swift; sourceTree = "<group>"; };
		B1461292258A931B0030859B /* MovieDetailModel.swift */ = {isa = PBXFileReference; lastKnownFileType = sourcecode.swift; path = MovieDetailModel.swift; sourceTree = "<group>"; };
		B14DF2882589536000FF8819 /* MyMovieList.app */ = {isa = PBXFileReference; explicitFileType = wrapper.application; includeInIndex = 0; path = MyMovieList.app; sourceTree = BUILT_PRODUCTS_DIR; };
		B14DF28B2589536000FF8819 /* AppDelegate.swift */ = {isa = PBXFileReference; lastKnownFileType = sourcecode.swift; path = AppDelegate.swift; sourceTree = "<group>"; };
		B14DF28D2589536000FF8819 /* SceneDelegate.swift */ = {isa = PBXFileReference; lastKnownFileType = sourcecode.swift; path = SceneDelegate.swift; sourceTree = "<group>"; };
		B14DF28F2589536000FF8819 /* LandingVC.swift */ = {isa = PBXFileReference; lastKnownFileType = sourcecode.swift; path = LandingVC.swift; sourceTree = "<group>"; };
		B14DF2922589536000FF8819 /* Base */ = {isa = PBXFileReference; lastKnownFileType = file.storyboard; name = Base; path = Base.lproj/Main.storyboard; sourceTree = "<group>"; };
		B14DF2942589536200FF8819 /* Assets.xcassets */ = {isa = PBXFileReference; lastKnownFileType = folder.assetcatalog; path = Assets.xcassets; sourceTree = "<group>"; };
		B14DF2972589536200FF8819 /* Base */ = {isa = PBXFileReference; lastKnownFileType = file.storyboard; name = Base; path = Base.lproj/LaunchScreen.storyboard; sourceTree = "<group>"; };
		B14DF2992589536200FF8819 /* Info.plist */ = {isa = PBXFileReference; lastKnownFileType = text.plist.xml; path = Info.plist; sourceTree = "<group>"; };
		B14DF29E2589536300FF8819 /* MyMovieListTests.xctest */ = {isa = PBXFileReference; explicitFileType = wrapper.cfbundle; includeInIndex = 0; path = MyMovieListTests.xctest; sourceTree = BUILT_PRODUCTS_DIR; };
		B14DF2A22589536300FF8819 /* MyMovieListTests.swift */ = {isa = PBXFileReference; lastKnownFileType = sourcecode.swift; path = MyMovieListTests.swift; sourceTree = "<group>"; };
		B14DF2A42589536300FF8819 /* Info.plist */ = {isa = PBXFileReference; lastKnownFileType = text.plist.xml; path = Info.plist; sourceTree = "<group>"; };
		B14DF2A92589536300FF8819 /* MyMovieListUITests.xctest */ = {isa = PBXFileReference; explicitFileType = wrapper.cfbundle; includeInIndex = 0; path = MyMovieListUITests.xctest; sourceTree = BUILT_PRODUCTS_DIR; };
		B14DF2AD2589536300FF8819 /* MyMovieListUITests.swift */ = {isa = PBXFileReference; lastKnownFileType = sourcecode.swift; path = MyMovieListUITests.swift; sourceTree = "<group>"; };
		B14DF2AF2589536300FF8819 /* Info.plist */ = {isa = PBXFileReference; lastKnownFileType = text.plist.xml; path = Info.plist; sourceTree = "<group>"; };
		B14DF2CD25895F6500FF8819 /* SearchResultsVC.swift */ = {isa = PBXFileReference; lastKnownFileType = sourcecode.swift; path = SearchResultsVC.swift; sourceTree = "<group>"; };
		B14DF2D925896AA400FF8819 /* MovieSearchResult.swift */ = {isa = PBXFileReference; lastKnownFileType = sourcecode.swift; path = MovieSearchResult.swift; sourceTree = "<group>"; };
		B14DF2E62589712100FF8819 /* MovieDataAPI.swift */ = {isa = PBXFileReference; lastKnownFileType = sourcecode.swift; path = MovieDataAPI.swift; sourceTree = "<group>"; };
		B14DF2EE258982D100FF8819 /* SearchResultCell.swift */ = {isa = PBXFileReference; lastKnownFileType = sourcecode.swift; path = SearchResultCell.swift; sourceTree = "<group>"; };
		B1749774258D258B00B428F3 /* landingHeaderView.swift */ = {isa = PBXFileReference; lastKnownFileType = sourcecode.swift; path = landingHeaderView.swift; sourceTree = "<group>"; };
		B1749779258D5A1D00B428F3 /* SpecialListVC.swift */ = {isa = PBXFileReference; lastKnownFileType = sourcecode.swift; path = SpecialListVC.swift; sourceTree = "<group>"; };
		B189BE8D258BE30500422624 /* CustomKeywordButton.swift */ = {isa = PBXFileReference; lastKnownFileType = sourcecode.swift; path = CustomKeywordButton.swift; sourceTree = "<group>"; };
		B189BE95258BF8EC00422624 /* FeaturedCell.swift */ = {isa = PBXFileReference; lastKnownFileType = sourcecode.swift; path = FeaturedCell.swift; sourceTree = "<group>"; };
		B189BE9A258BFAD400422624 /* TrendingVC.swift */ = {isa = PBXFileReference; lastKnownFileType = sourcecode.swift; path = TrendingVC.swift; sourceTree = "<group>"; };
		B1E8BCBD258FDA38009F8FB2 /* WatchProviderAPI.swift */ = {isa = PBXFileReference; lastKnownFileType = sourcecode.swift; path = WatchProviderAPI.swift; sourceTree = "<group>"; };
/* End PBXFileReference section */

/* Begin PBXFrameworksBuildPhase section */
		B14DF2852589536000FF8819 /* Frameworks */ = {
			isa = PBXFrameworksBuildPhase;
			buildActionMask = 2147483647;
			files = (
			);
			runOnlyForDeploymentPostprocessing = 0;
		};
		B14DF29B2589536300FF8819 /* Frameworks */ = {
			isa = PBXFrameworksBuildPhase;
			buildActionMask = 2147483647;
			files = (
			);
			runOnlyForDeploymentPostprocessing = 0;
		};
		B14DF2A62589536300FF8819 /* Frameworks */ = {
			isa = PBXFrameworksBuildPhase;
			buildActionMask = 2147483647;
			files = (
			);
			runOnlyForDeploymentPostprocessing = 0;
		};
/* End PBXFrameworksBuildPhase section */

/* Begin PBXGroup section */
		B14DF27F2589536000FF8819 = {
			isa = PBXGroup;
			children = (
				B14DF28A2589536000FF8819 /* MyMovieList */,
				B14DF2A12589536300FF8819 /* MyMovieListTests */,
				B14DF2AC2589536300FF8819 /* MyMovieListUITests */,
				B14DF2892589536000FF8819 /* Products */,
			);
			sourceTree = "<group>";
		};
		B14DF2892589536000FF8819 /* Products */ = {
			isa = PBXGroup;
			children = (
				B14DF2882589536000FF8819 /* MyMovieList.app */,
				B14DF29E2589536300FF8819 /* MyMovieListTests.xctest */,
				B14DF2A92589536300FF8819 /* MyMovieListUITests.xctest */,
			);
			name = Products;
			sourceTree = "<group>";
		};
		B14DF28A2589536000FF8819 /* MyMovieList */ = {
			isa = PBXGroup;
			children = (
				B14DF28B2589536000FF8819 /* AppDelegate.swift */,
				B14DF28D2589536000FF8819 /* SceneDelegate.swift */,
				B14DF2D825896A9100FF8819 /* Model */,
				B14DF2C925895F5200FF8819 /* Controllers */,
				B14DF2E125896B1D00FF8819 /* View */,
				B14DF2942589536200FF8819 /* Assets.xcassets */,
				B14DF2962589536200FF8819 /* LaunchScreen.storyboard */,
				B14DF2992589536200FF8819 /* Info.plist */,
			);
			path = MyMovieList;
			sourceTree = "<group>";
		};
		B14DF2A12589536300FF8819 /* MyMovieListTests */ = {
			isa = PBXGroup;
			children = (
				B14DF2A22589536300FF8819 /* MyMovieListTests.swift */,
				B14DF2A42589536300FF8819 /* Info.plist */,
			);
			path = MyMovieListTests;
			sourceTree = "<group>";
		};
		B14DF2AC2589536300FF8819 /* MyMovieListUITests */ = {
			isa = PBXGroup;
			children = (
				B14DF2AD2589536300FF8819 /* MyMovieListUITests.swift */,
				B14DF2AF2589536300FF8819 /* Info.plist */,
			);
			path = MyMovieListUITests;
			sourceTree = "<group>";
		};
		B14DF2C925895F5200FF8819 /* Controllers */ = {
			isa = PBXGroup;
			children = (
				B14DF28F2589536000FF8819 /* LandingVC.swift */,
				B14DF2CD25895F6500FF8819 /* SearchResultsVC.swift */,
				B1461288258A87C80030859B /* DetailVC.swift */,
				B189BE9A258BFAD400422624 /* TrendingVC.swift */,
				B1749779258D5A1D00B428F3 /* SpecialListVC.swift */,
			);
			path = Controllers;
			sourceTree = "<group>";
		};
		B14DF2D825896A9100FF8819 /* Model */ = {
			isa = PBXGroup;
			children = (
				B14DF2D925896AA400FF8819 /* MovieSearchResult.swift */,
				B14DF2E62589712100FF8819 /* MovieDataAPI.swift */,
				B146128D258A8F960030859B /* MovieIDAPI.swift */,
				B1461292258A931B0030859B /* MovieDetailModel.swift */,
				B1E8BCBD258FDA38009F8FB2 /* WatchProviderAPI.swift */,
			);
			path = Model;
			sourceTree = "<group>";
		};
		B14DF2E125896B1D00FF8819 /* View */ = {
			isa = PBXGroup;
			children = (
				B189BE8C258BE2E600422624 /* Custom */,
				B14DF2912589536000FF8819 /* Main.storyboard */,
				B14DF2EE258982D100FF8819 /* SearchResultCell.swift */,
				B189BE95258BF8EC00422624 /* FeaturedCell.swift */,
				B1749774258D258B00B428F3 /* landingHeaderView.swift */,
			);
			path = View;
			sourceTree = "<group>";
		};
		B189BE8C258BE2E600422624 /* Custom */ = {
			isa = PBXGroup;
			children = (
				B189BE8D258BE30500422624 /* CustomKeywordButton.swift */,
			);
			path = Custom;
			sourceTree = "<group>";
		};
/* End PBXGroup section */

/* Begin PBXNativeTarget section */
		B14DF2872589536000FF8819 /* MyMovieList */ = {
			isa = PBXNativeTarget;
			buildConfigurationList = B14DF2B22589536300FF8819 /* Build configuration list for PBXNativeTarget "MyMovieList" */;
			buildPhases = (
				B14DF2842589536000FF8819 /* Sources */,
				B14DF2852589536000FF8819 /* Frameworks */,
				B14DF2862589536000FF8819 /* Resources */,
			);
			buildRules = (
			);
			dependencies = (
			);
			name = MyMovieList;
			productName = MyMovieList;
			productReference = B14DF2882589536000FF8819 /* MyMovieList.app */;
			productType = "com.apple.product-type.application";
		};
		B14DF29D2589536300FF8819 /* MyMovieListTests */ = {
			isa = PBXNativeTarget;
			buildConfigurationList = B14DF2B52589536300FF8819 /* Build configuration list for PBXNativeTarget "MyMovieListTests" */;
			buildPhases = (
				B14DF29A2589536300FF8819 /* Sources */,
				B14DF29B2589536300FF8819 /* Frameworks */,
				B14DF29C2589536300FF8819 /* Resources */,
			);
			buildRules = (
			);
			dependencies = (
				B14DF2A02589536300FF8819 /* PBXTargetDependency */,
			);
			name = MyMovieListTests;
			productName = MyMovieListTests;
			productReference = B14DF29E2589536300FF8819 /* MyMovieListTests.xctest */;
			productType = "com.apple.product-type.bundle.unit-test";
		};
		B14DF2A82589536300FF8819 /* MyMovieListUITests */ = {
			isa = PBXNativeTarget;
			buildConfigurationList = B14DF2B82589536300FF8819 /* Build configuration list for PBXNativeTarget "MyMovieListUITests" */;
			buildPhases = (
				B14DF2A52589536300FF8819 /* Sources */,
				B14DF2A62589536300FF8819 /* Frameworks */,
				B14DF2A72589536300FF8819 /* Resources */,
			);
			buildRules = (
			);
			dependencies = (
				B14DF2AB2589536300FF8819 /* PBXTargetDependency */,
			);
			name = MyMovieListUITests;
			productName = MyMovieListUITests;
			productReference = B14DF2A92589536300FF8819 /* MyMovieListUITests.xctest */;
			productType = "com.apple.product-type.bundle.ui-testing";
		};
/* End PBXNativeTarget section */

/* Begin PBXProject section */
		B14DF2802589536000FF8819 /* Project object */ = {
			isa = PBXProject;
			attributes = {
				LastSwiftUpdateCheck = 1220;
				LastUpgradeCheck = 1220;
				TargetAttributes = {
					B14DF2872589536000FF8819 = {
						CreatedOnToolsVersion = 12.2;
					};
					B14DF29D2589536300FF8819 = {
						CreatedOnToolsVersion = 12.2;
						TestTargetID = B14DF2872589536000FF8819;
					};
					B14DF2A82589536300FF8819 = {
						CreatedOnToolsVersion = 12.2;
						TestTargetID = B14DF2872589536000FF8819;
					};
				};
			};
			buildConfigurationList = B14DF2832589536000FF8819 /* Build configuration list for PBXProject "MyMovieList" */;
			compatibilityVersion = "Xcode 9.3";
			developmentRegion = en;
			hasScannedForEncodings = 0;
			knownRegions = (
				en,
				Base,
			);
			mainGroup = B14DF27F2589536000FF8819;
			productRefGroup = B14DF2892589536000FF8819 /* Products */;
			projectDirPath = "";
			projectRoot = "";
			targets = (
				B14DF2872589536000FF8819 /* MyMovieList */,
				B14DF29D2589536300FF8819 /* MyMovieListTests */,
				B14DF2A82589536300FF8819 /* MyMovieListUITests */,
			);
		};
/* End PBXProject section */

/* Begin PBXResourcesBuildPhase section */
		B14DF2862589536000FF8819 /* Resources */ = {
			isa = PBXResourcesBuildPhase;
			buildActionMask = 2147483647;
			files = (
				B14DF2982589536200FF8819 /* LaunchScreen.storyboard in Resources */,
				B14DF2952589536200FF8819 /* Assets.xcassets in Resources */,
				B14DF2932589536000FF8819 /* Main.storyboard in Resources */,
			);
			runOnlyForDeploymentPostprocessing = 0;
		};
		B14DF29C2589536300FF8819 /* Resources */ = {
			isa = PBXResourcesBuildPhase;
			buildActionMask = 2147483647;
			files = (
			);
			runOnlyForDeploymentPostprocessing = 0;
		};
		B14DF2A72589536300FF8819 /* Resources */ = {
			isa = PBXResourcesBuildPhase;
			buildActionMask = 2147483647;
			files = (
			);
			runOnlyForDeploymentPostprocessing = 0;
		};
/* End PBXResourcesBuildPhase section */

/* Begin PBXSourcesBuildPhase section */
		B14DF2842589536000FF8819 /* Sources */ = {
			isa = PBXSourcesBuildPhase;
			buildActionMask = 2147483647;
			files = (
				B14DF2EF258982D100FF8819 /* SearchResultCell.swift in Sources */,
				B14DF2902589536000FF8819 /* LandingVC.swift in Sources */,
				B14DF2E72589712100FF8819 /* MovieDataAPI.swift in Sources */,
				B189BE8E258BE30500422624 /* CustomKeywordButton.swift in Sources */,
				B14DF2CE25895F6500FF8819 /* SearchResultsVC.swift in Sources */,
				B14DF28C2589536000FF8819 /* AppDelegate.swift in Sources */,
				B146128E258A8F960030859B /* MovieIDAPI.swift in Sources */,
				B1461289258A87C80030859B /* DetailVC.swift in Sources */,
				B14DF2DA25896AA400FF8819 /* MovieSearchResult.swift in Sources */,
				B189BE96258BF8EC00422624 /* FeaturedCell.swift in Sources */,
				B14DF28E2589536000FF8819 /* SceneDelegate.swift in Sources */,
				B1461293258A931B0030859B /* MovieDetailModel.swift in Sources */,
				B189BE9B258BFAD400422624 /* TrendingVC.swift in Sources */,
				B1E8BCBE258FDA38009F8FB2 /* WatchProviderAPI.swift in Sources */,
				B1749775258D258B00B428F3 /* landingHeaderView.swift in Sources */,
				B174977A258D5A1D00B428F3 /* SpecialListVC.swift in Sources */,
			);
			runOnlyForDeploymentPostprocessing = 0;
		};
		B14DF29A2589536300FF8819 /* Sources */ = {
			isa = PBXSourcesBuildPhase;
			buildActionMask = 2147483647;
			files = (
				B14DF2A32589536300FF8819 /* MyMovieListTests.swift in Sources */,
			);
			runOnlyForDeploymentPostprocessing = 0;
		};
		B14DF2A52589536300FF8819 /* Sources */ = {
			isa = PBXSourcesBuildPhase;
			buildActionMask = 2147483647;
			files = (
				B14DF2AE2589536300FF8819 /* MyMovieListUITests.swift in Sources */,
			);
			runOnlyForDeploymentPostprocessing = 0;
		};
/* End PBXSourcesBuildPhase section */

/* Begin PBXTargetDependency section */
		B14DF2A02589536300FF8819 /* PBXTargetDependency */ = {
			isa = PBXTargetDependency;
			target = B14DF2872589536000FF8819 /* MyMovieList */;
			targetProxy = B14DF29F2589536300FF8819 /* PBXContainerItemProxy */;
		};
		B14DF2AB2589536300FF8819 /* PBXTargetDependency */ = {
			isa = PBXTargetDependency;
			target = B14DF2872589536000FF8819 /* MyMovieList */;
			targetProxy = B14DF2AA2589536300FF8819 /* PBXContainerItemProxy */;
		};
/* End PBXTargetDependency section */

/* Begin PBXVariantGroup section */
		B14DF2912589536000FF8819 /* Main.storyboard */ = {
			isa = PBXVariantGroup;
			children = (
				B14DF2922589536000FF8819 /* Base */,
			);
			name = Main.storyboard;
			sourceTree = "<group>";
		};
		B14DF2962589536200FF8819 /* LaunchScreen.storyboard */ = {
			isa = PBXVariantGroup;
			children = (
				B14DF2972589536200FF8819 /* Base */,
			);
			name = LaunchScreen.storyboard;
			sourceTree = "<group>";
		};
/* End PBXVariantGroup section */

/* Begin XCBuildConfiguration section */
		B14DF2B02589536300FF8819 /* Debug */ = {
			isa = XCBuildConfiguration;
			buildSettings = {
				ALWAYS_SEARCH_USER_PATHS = NO;
				CLANG_ANALYZER_NONNULL = YES;
				CLANG_ANALYZER_NUMBER_OBJECT_CONVERSION = YES_AGGRESSIVE;
				CLANG_CXX_LANGUAGE_STANDARD = "gnu++14";
				CLANG_CXX_LIBRARY = "libc++";
				CLANG_ENABLE_MODULES = YES;
				CLANG_ENABLE_OBJC_ARC = YES;
				CLANG_ENABLE_OBJC_WEAK = YES;
				CLANG_WARN_BLOCK_CAPTURE_AUTORELEASING = YES;
				CLANG_WARN_BOOL_CONVERSION = YES;
				CLANG_WARN_COMMA = YES;
				CLANG_WARN_CONSTANT_CONVERSION = YES;
				CLANG_WARN_DEPRECATED_OBJC_IMPLEMENTATIONS = YES;
				CLANG_WARN_DIRECT_OBJC_ISA_USAGE = YES_ERROR;
				CLANG_WARN_DOCUMENTATION_COMMENTS = YES;
				CLANG_WARN_EMPTY_BODY = YES;
				CLANG_WARN_ENUM_CONVERSION = YES;
				CLANG_WARN_INFINITE_RECURSION = YES;
				CLANG_WARN_INT_CONVERSION = YES;
				CLANG_WARN_NON_LITERAL_NULL_CONVERSION = YES;
				CLANG_WARN_OBJC_IMPLICIT_RETAIN_SELF = YES;
				CLANG_WARN_OBJC_LITERAL_CONVERSION = YES;
				CLANG_WARN_OBJC_ROOT_CLASS = YES_ERROR;
				CLANG_WARN_QUOTED_INCLUDE_IN_FRAMEWORK_HEADER = YES;
				CLANG_WARN_RANGE_LOOP_ANALYSIS = YES;
				CLANG_WARN_STRICT_PROTOTYPES = YES;
				CLANG_WARN_SUSPICIOUS_MOVE = YES;
				CLANG_WARN_UNGUARDED_AVAILABILITY = YES_AGGRESSIVE;
				CLANG_WARN_UNREACHABLE_CODE = YES;
				CLANG_WARN__DUPLICATE_METHOD_MATCH = YES;
				COPY_PHASE_STRIP = NO;
				DEBUG_INFORMATION_FORMAT = dwarf;
				ENABLE_STRICT_OBJC_MSGSEND = YES;
				ENABLE_TESTABILITY = YES;
				GCC_C_LANGUAGE_STANDARD = gnu11;
				GCC_DYNAMIC_NO_PIC = NO;
				GCC_NO_COMMON_BLOCKS = YES;
				GCC_OPTIMIZATION_LEVEL = 0;
				GCC_PREPROCESSOR_DEFINITIONS = (
					"DEBUG=1",
					"$(inherited)",
				);
				GCC_WARN_64_TO_32_BIT_CONVERSION = YES;
				GCC_WARN_ABOUT_RETURN_TYPE = YES_ERROR;
				GCC_WARN_UNDECLARED_SELECTOR = YES;
				GCC_WARN_UNINITIALIZED_AUTOS = YES_AGGRESSIVE;
				GCC_WARN_UNUSED_FUNCTION = YES;
				GCC_WARN_UNUSED_VARIABLE = YES;
				IPHONEOS_DEPLOYMENT_TARGET = 14.2;
				MTL_ENABLE_DEBUG_INFO = INCLUDE_SOURCE;
				MTL_FAST_MATH = YES;
				ONLY_ACTIVE_ARCH = YES;
				SDKROOT = iphoneos;
				SWIFT_ACTIVE_COMPILATION_CONDITIONS = DEBUG;
				SWIFT_OPTIMIZATION_LEVEL = "-Onone";
			};
			name = Debug;
		};
		B14DF2B12589536300FF8819 /* Release */ = {
			isa = XCBuildConfiguration;
			buildSettings = {
				ALWAYS_SEARCH_USER_PATHS = NO;
				CLANG_ANALYZER_NONNULL = YES;
				CLANG_ANALYZER_NUMBER_OBJECT_CONVERSION = YES_AGGRESSIVE;
				CLANG_CXX_LANGUAGE_STANDARD = "gnu++14";
				CLANG_CXX_LIBRARY = "libc++";
				CLANG_ENABLE_MODULES = YES;
				CLANG_ENABLE_OBJC_ARC = YES;
				CLANG_ENABLE_OBJC_WEAK = YES;
				CLANG_WARN_BLOCK_CAPTURE_AUTORELEASING = YES;
				CLANG_WARN_BOOL_CONVERSION = YES;
				CLANG_WARN_COMMA = YES;
				CLANG_WARN_CONSTANT_CONVERSION = YES;
				CLANG_WARN_DEPRECATED_OBJC_IMPLEMENTATIONS = YES;
				CLANG_WARN_DIRECT_OBJC_ISA_USAGE = YES_ERROR;
				CLANG_WARN_DOCUMENTATION_COMMENTS = YES;
				CLANG_WARN_EMPTY_BODY = YES;
				CLANG_WARN_ENUM_CONVERSION = YES;
				CLANG_WARN_INFINITE_RECURSION = YES;
				CLANG_WARN_INT_CONVERSION = YES;
				CLANG_WARN_NON_LITERAL_NULL_CONVERSION = YES;
				CLANG_WARN_OBJC_IMPLICIT_RETAIN_SELF = YES;
				CLANG_WARN_OBJC_LITERAL_CONVERSION = YES;
				CLANG_WARN_OBJC_ROOT_CLASS = YES_ERROR;
				CLANG_WARN_QUOTED_INCLUDE_IN_FRAMEWORK_HEADER = YES;
				CLANG_WARN_RANGE_LOOP_ANALYSIS = YES;
				CLANG_WARN_STRICT_PROTOTYPES = YES;
				CLANG_WARN_SUSPICIOUS_MOVE = YES;
				CLANG_WARN_UNGUARDED_AVAILABILITY = YES_AGGRESSIVE;
				CLANG_WARN_UNREACHABLE_CODE = YES;
				CLANG_WARN__DUPLICATE_METHOD_MATCH = YES;
				COPY_PHASE_STRIP = NO;
				DEBUG_INFORMATION_FORMAT = "dwarf-with-dsym";
				ENABLE_NS_ASSERTIONS = NO;
				ENABLE_STRICT_OBJC_MSGSEND = YES;
				GCC_C_LANGUAGE_STANDARD = gnu11;
				GCC_NO_COMMON_BLOCKS = YES;
				GCC_WARN_64_TO_32_BIT_CONVERSION = YES;
				GCC_WARN_ABOUT_RETURN_TYPE = YES_ERROR;
				GCC_WARN_UNDECLARED_SELECTOR = YES;
				GCC_WARN_UNINITIALIZED_AUTOS = YES_AGGRESSIVE;
				GCC_WARN_UNUSED_FUNCTION = YES;
				GCC_WARN_UNUSED_VARIABLE = YES;
				IPHONEOS_DEPLOYMENT_TARGET = 14.2;
				MTL_ENABLE_DEBUG_INFO = NO;
				MTL_FAST_MATH = YES;
				SDKROOT = iphoneos;
				SWIFT_COMPILATION_MODE = wholemodule;
				SWIFT_OPTIMIZATION_LEVEL = "-O";
				VALIDATE_PRODUCT = YES;
			};
			name = Release;
		};
		B14DF2B32589536300FF8819 /* Debug */ = {
			isa = XCBuildConfiguration;
			buildSettings = {
				ASSETCATALOG_COMPILER_APPICON_NAME = AppIcon;
				ASSETCATALOG_COMPILER_GLOBAL_ACCENT_COLOR_NAME = AccentColor;
				CODE_SIGN_STYLE = Automatic;
				DEVELOPMENT_TEAM = 8WFH9GD9GT;
				INFOPLIST_FILE = MyMovieList/Info.plist;
				LD_RUNPATH_SEARCH_PATHS = (
					"$(inherited)",
					"@executable_path/Frameworks",
				);
				PRODUCT_BUNDLE_IDENTIFIER = com.fancymoua.MyMovieList;
				PRODUCT_NAME = "$(TARGET_NAME)";
				SWIFT_VERSION = 5.0;
				TARGETED_DEVICE_FAMILY = "1,2";
			};
			name = Debug;
		};
		B14DF2B42589536300FF8819 /* Release */ = {
			isa = XCBuildConfiguration;
			buildSettings = {
				ASSETCATALOG_COMPILER_APPICON_NAME = AppIcon;
				ASSETCATALOG_COMPILER_GLOBAL_ACCENT_COLOR_NAME = AccentColor;
				CODE_SIGN_STYLE = Automatic;
				DEVELOPMENT_TEAM = 8WFH9GD9GT;
				INFOPLIST_FILE = MyMovieList/Info.plist;
				LD_RUNPATH_SEARCH_PATHS = (
					"$(inherited)",
					"@executable_path/Frameworks",
				);
				PRODUCT_BUNDLE_IDENTIFIER = com.fancymoua.MyMovieList;
				PRODUCT_NAME = "$(TARGET_NAME)";
				SWIFT_VERSION = 5.0;
				TARGETED_DEVICE_FAMILY = "1,2";
			};
			name = Release;
		};
		B14DF2B62589536300FF8819 /* Debug */ = {
			isa = XCBuildConfiguration;
			buildSettings = {
				ALWAYS_EMBED_SWIFT_STANDARD_LIBRARIES = YES;
				BUNDLE_LOADER = "$(TEST_HOST)";
				CODE_SIGN_STYLE = Automatic;
				DEVELOPMENT_TEAM = 8WFH9GD9GT;
				INFOPLIST_FILE = MyMovieListTests/Info.plist;
				IPHONEOS_DEPLOYMENT_TARGET = 14.2;
				LD_RUNPATH_SEARCH_PATHS = (
					"$(inherited)",
					"@executable_path/Frameworks",
					"@loader_path/Frameworks",
				);
				PRODUCT_BUNDLE_IDENTIFIER = com.fancymoua.MyMovieListTests;
				PRODUCT_NAME = "$(TARGET_NAME)";
				SWIFT_VERSION = 5.0;
				TARGETED_DEVICE_FAMILY = "1,2";
				TEST_HOST = "$(BUILT_PRODUCTS_DIR)/MyMovieList.app/MyMovieList";
			};
			name = Debug;
		};
		B14DF2B72589536300FF8819 /* Release */ = {
			isa = XCBuildConfiguration;
			buildSettings = {
				ALWAYS_EMBED_SWIFT_STANDARD_LIBRARIES = YES;
				BUNDLE_LOADER = "$(TEST_HOST)";
				CODE_SIGN_STYLE = Automatic;
				DEVELOPMENT_TEAM = 8WFH9GD9GT;
				INFOPLIST_FILE = MyMovieListTests/Info.plist;
				IPHONEOS_DEPLOYMENT_TARGET = 14.2;
				LD_RUNPATH_SEARCH_PATHS = (
					"$(inherited)",
					"@executable_path/Frameworks",
					"@loader_path/Frameworks",
				);
				PRODUCT_BUNDLE_IDENTIFIER = com.fancymoua.MyMovieListTests;
				PRODUCT_NAME = "$(TARGET_NAME)";
				SWIFT_VERSION = 5.0;
				TARGETED_DEVICE_FAMILY = "1,2";
				TEST_HOST = "$(BUILT_PRODUCTS_DIR)/MyMovieList.app/MyMovieList";
			};
			name = Release;
		};
		B14DF2B92589536300FF8819 /* Debug */ = {
			isa = XCBuildConfiguration;
			buildSettings = {
				ALWAYS_EMBED_SWIFT_STANDARD_LIBRARIES = YES;
				CODE_SIGN_STYLE = Automatic;
				DEVELOPMENT_TEAM = 8WFH9GD9GT;
				INFOPLIST_FILE = MyMovieListUITests/Info.plist;
				LD_RUNPATH_SEARCH_PATHS = (
					"$(inherited)",
					"@executable_path/Frameworks",
					"@loader_path/Frameworks",
				);
				PRODUCT_BUNDLE_IDENTIFIER = com.fancymoua.MyMovieListUITests;
				PRODUCT_NAME = "$(TARGET_NAME)";
				SWIFT_VERSION = 5.0;
				TARGETED_DEVICE_FAMILY = "1,2";
				TEST_TARGET_NAME = MyMovieList;
			};
			name = Debug;
		};
		B14DF2BA2589536300FF8819 /* Release */ = {
			isa = XCBuildConfiguration;
			buildSettings = {
				ALWAYS_EMBED_SWIFT_STANDARD_LIBRARIES = YES;
				CODE_SIGN_STYLE = Automatic;
				DEVELOPMENT_TEAM = 8WFH9GD9GT;
				INFOPLIST_FILE = MyMovieListUITests/Info.plist;
				LD_RUNPATH_SEARCH_PATHS = (
					"$(inherited)",
					"@executable_path/Frameworks",
					"@loader_path/Frameworks",
				);
				PRODUCT_BUNDLE_IDENTIFIER = com.fancymoua.MyMovieListUITests;
				PRODUCT_NAME = "$(TARGET_NAME)";
				SWIFT_VERSION = 5.0;
				TARGETED_DEVICE_FAMILY = "1,2";
				TEST_TARGET_NAME = MyMovieList;
			};
			name = Release;
		};
/* End XCBuildConfiguration section */

/* Begin XCConfigurationList section */
		B14DF2832589536000FF8819 /* Build configuration list for PBXProject "MyMovieList" */ = {
			isa = XCConfigurationList;
			buildConfigurations = (
				B14DF2B02589536300FF8819 /* Debug */,
				B14DF2B12589536300FF8819 /* Release */,
			);
			defaultConfigurationIsVisible = 0;
			defaultConfigurationName = Release;
		};
		B14DF2B22589536300FF8819 /* Build configuration list for PBXNativeTarget "MyMovieList" */ = {
			isa = XCConfigurationList;
			buildConfigurations = (
				B14DF2B32589536300FF8819 /* Debug */,
				B14DF2B42589536300FF8819 /* Release */,
			);
			defaultConfigurationIsVisible = 0;
			defaultConfigurationName = Release;
		};
		B14DF2B52589536300FF8819 /* Build configuration list for PBXNativeTarget "MyMovieListTests" */ = {
			isa = XCConfigurationList;
			buildConfigurations = (
				B14DF2B62589536300FF8819 /* Debug */,
				B14DF2B72589536300FF8819 /* Release */,
			);
			defaultConfigurationIsVisible = 0;
			defaultConfigurationName = Release;
		};
		B14DF2B82589536300FF8819 /* Build configuration list for PBXNativeTarget "MyMovieListUITests" */ = {
			isa = XCConfigurationList;
			buildConfigurations = (
				B14DF2B92589536300FF8819 /* Debug */,
				B14DF2BA2589536300FF8819 /* Release */,
			);
			defaultConfigurationIsVisible = 0;
			defaultConfigurationName = Release;
		};
/* End XCConfigurationList section */
	};
	rootObject = B14DF2802589536000FF8819 /* Project object */;
}
